
Microsoft Visual Studio Solution File, Format Version 12.00
# Visual Studio Version 17
VisualStudioVersion = 17.5.33424.131
MinimumVisualStudioVersion = 10.0.40219.1
Project("{FAE04EC0-301F-11D3-BF4B-00C04F79EFBC}") = "mindbox_lib", "mindbox_lib\mindbox_lib.csproj", "{A1D5E9C7-CAD4-479C-9E40-11B9AF582E90}"
EndProject
Project("{FAE04EC0-301F-11D3-BF4B-00C04F79EFBC}") = "mindbox_tests", "mindbox_tests\mindbox_tests.csproj", "{65EB3015-A3EF-4CCD-838B-0103886358C4}"
EndProject
Project("{2150E333-8FDC-42A3-9474-1A3956D46DE8}") = "SQL", "SQL", "{8AE52BFC-D1DF-4B58-B2C7-62130D330F23}"
	ProjectSection(SolutionItems) = preProject
		..\..\..\Desktop\db.png = ..\..\..\Desktop\db.png
		..\..\..\Desktop\query.sql = ..\..\..\Desktop\query.sql
	EndProjectSection
EndProject
Global
	GlobalSection(SolutionConfigurationPlatforms) = preSolution
		Debug|Any CPU = Debug|Any CPU
		Release|Any CPU = Release|Any CPU
	EndGlobalSection
	GlobalSection(ProjectConfigurationPlatforms) = postSolution
		{A1D5E9C7-CAD4-479C-9E40-11B9AF582E90}.Debug|Any CPU.ActiveCfg = Debug|Any CPU
		{A1D5E9C7-CAD4-479C-9E40-11B9AF582E90}.Debug|Any CPU.Build.0 = Debug|Any CPU
		{A1D5E9C7-CAD4-479C-9E40-11B9AF582E90}.Release|Any CPU.ActiveCfg = Release|Any CPU
		{A1D5E9C7-CAD4-479C-9E40-11B9AF582E90}.Release|Any CPU.Build.0 = Release|Any CPU
		{65EB3015-A3EF-4CCD-838B-0103886358C4}.Debug|Any CPU.ActiveCfg = Debug|Any CPU
		{65EB3015-A3EF-4CCD-838B-0103886358C4}.Debug|Any CPU.Build.0 = Debug|Any CPU
		{65EB3015-A3EF-4CCD-838B-0103886358C4}.Release|Any CPU.ActiveCfg = Release|Any CPU
		{65EB3015-A3EF-4CCD-838B-0103886358C4}.Release|Any CPU.Build.0 = Release|Any CPU
	EndGlobalSection
	GlobalSection(SolutionProperties) = preSolution
		HideSolutionNode = FALSE
	EndGlobalSection
	GlobalSection(ExtensibilityGlobals) = postSolution
		SolutionGuid = {0FB5A675-118E-48E2-9D5D-A05F604E92DF}
	EndGlobalSection
EndGlobal
